{"1.2.0",
[{<<"amqp_client">>,{pkg,<<"amqp_client">>,<<"4.2.1">>},0},
 {<<"bbmustache">>,{pkg,<<"bbmustache">>,<<"1.12.2">>},0},
 {<<"brod">>,{pkg,<<"brod">>,<<"4.4.6">>},0},
 {<<"circuits_i2c">>,{pkg,<<"circuits_i2c">>,<<"2.1.0">>},1},
 {<<"cowboy">>,
  {git,"https://github.com/ninenines/cowboy",
       {ref,"24d32de931a0c985ff7939077463fc8be939f0e9"}},
  0},
 {<<"cowlib">>,{pkg,<<"cowlib">>,<<"2.14.0">>},0},
 {<<"crc32cer">>,{pkg,<<"crc32cer">>,<<"1.0.4">>},2},
 {<<"credentials_obfuscation">>,
  {pkg,<<"credentials_obfuscation">>,<<"3.5.0">>},
  1},
 {<<"earmark">>,{pkg,<<"earmark">>,<<"1.4.48">>},1},
 {<<"eex">>,{ex,<<"eex">>,tag,<<"v1.18.4">>},1},
 {<<"elixir">>,{ex,<<"elixir">>,tag,<<"v1.18.4">>},1},
 {<<"elixir_full">>,{ex,<<"elixir_full">>,tag,<<"v1.18.4">>},0},
 {<<"elixir_make">>,{pkg,<<"elixir_make">>,<<"0.9.0">>},2},
 {<<"emqtt">>,
  {git,"https://github.com/emqx/emqtt",
       {ref,"dd6bfc0614c995d62354e3ecbf731ef83e4054ca"}},
  0},
 {<<"erlang_red_helpers">>,
  {git,"https://github.com/gorenje/erlang-red-elixir-helpers",
       {ref,"a5c571735236eb84dab31232dc395dc555adb74d"}},
  0},
 {<<"erlang_red_jsonata">>,
  {git,"https://github.com/gorenje/erlang-red-jsonata",
       {ref,"6b06abfd95de3aa9f07174148e3b1d9ebee41cf0"}},
  0},
 {<<"erlang_red_parsers">>,
  {git,"https://github.com/gorenje/erlang-red-type-parsers",
       {ref,"b9d768a3cbca36c1bc1f516e633478393dd406ee"}},
  0},
 {<<"erlexec">>,{pkg,<<"erlexec">>,<<"2.2.0">>},0},
 {<<"erlydtl">>,{pkg,<<"erlydtl">>,<<"0.14.0">>},0},
 {<<"ex_unit">>,{ex,<<"ex_unit">>,tag,<<"v1.18.4">>},1},
 {<<"floki">>,{pkg,<<"floki">>,<<"0.38.0">>},2},
 {<<"getopt">>,{pkg,<<"getopt">>,<<"1.0.3">>},1},
 {<<"gun">>,{pkg,<<"gun">>,<<"2.1.0">>},1},
 {<<"iex">>,{ex,<<"iex">>,tag,<<"v1.18.4">>},1},
 {<<"kafka_protocol">>,{pkg,<<"kafka_protocol">>,<<"4.2.8">>},1},
 {<<"logger">>,{ex,<<"logger">>,tag,<<"v1.18.4">>},1},
 {<<"mime">>,{pkg,<<"mime">>,<<"1.6.0">>},4},
 {<<"mix">>,{ex,<<"mix">>,tag,<<"v1.18.4">>},1},
 {<<"nimble_csv">>,{pkg,<<"nimble_csv">>,<<"1.2.0">>},1},
 {<<"phoenix_html">>,{pkg,<<"phoenix_html">>,<<"3.3.4">>},2},
 {<<"plug">>,{pkg,<<"plug">>,<<"1.18.1">>},3},
 {<<"plug_crypto">>,{pkg,<<"plug_crypto">>,<<"1.1.2">>},4},
 {<<"quicer">>,
  {git,"https://github.com/emqx/quic.git",
       {ref,"fc5946302e01148ce4dbd3aebe16ec3446caf31c"}},
  1},
 {<<"rabbit_common">>,{pkg,<<"rabbit_common">>,<<"4.2.1">>},1},
 {<<"ranch">>,
  {git,"https://github.com/ninenines/ranch",
       {ref,"10b51304b26062e0dbfd5e74824324e9a911e269"}},
  1},
 {<<"recon">>,{pkg,<<"recon">>,<<"2.5.6">>},2},
 {<<"snabbkaffe">>,
  {git,"https://github.com/kafka4beam/snabbkaffe.git",
       {ref,"b59298334ed349556f63405d1353184c63c66534"}},
  2},
 {<<"telemetry">>,{pkg,<<"telemetry">>,<<"0.4.3">>},4},
 {<<"temple">>,{pkg,<<"temple">>,<<"0.14.1">>},1},
 {<<"thoas">>,{pkg,<<"thoas">>,<<"1.2.1">>},2},
 {<<"typed_struct">>,{pkg,<<"typed_struct">>,<<"0.3.0">>},2}]}.
[
{pkg_hash,[
 {<<"amqp_client">>, <<"CFF0CC13186E57457DC5745F1B3A4127C6857717CB8F5920DC457C84D0AD00A2">>},
 {<<"bbmustache">>, <<"0CABDCE0DB9FE6D3318131174B9F2B351328A4C0AFBEB3E6E99BB0E02E9B621D">>},
 {<<"brod">>, <<"790FEC8AD8D894D2ED34933A4D941E4846280AD9DC89BACB8312A8711CBF05FB">>},
 {<<"circuits_i2c">>, <<"0656EA5D106744C498A8CD778F39C0685AB574E3DA7159814CFBFE709001F0E5">>},
 {<<"cowlib">>, <<"623791C56C1CC9DF54A71A9C55147A401549917F00A2E48A6AE12B812C586CED">>},
 {<<"crc32cer">>, <<"38ABA23594B87FE37CD6B72C04860FA68CD9BCB3B5A9187AA4A869C435E78434">>},
 {<<"credentials_obfuscation">>, <<"61E282ADFB4439486B3994FAAEC69543C7EE6CC7E70C6340E8853FD9DEAF8219">>},
 {<<"earmark">>, <<"5F41E579D85EF812351211842B6E005F6E0CEF111216DEA7D4B9D58AF4608434">>},
 {<<"elixir_make">>, <<"6484B3CD8C0CEE58F09F05ECAF1A140A8C97670671A6A0E7AB4DC326C3109726">>},
 {<<"erlexec">>, <<"D14D5E0474DF880C29A5066BA798D4513ADBBC4AB99B7F90A2454C6482F761F7">>},
 {<<"erlydtl">>, <<"964B2DC84F8C17ACFAA69C59BA129EF26AC45D2BA898C3C6AD9B5BDC8BA13CED">>},
 {<<"floki">>, <<"62B642386FA3F2F90713F6E231DA0FA3256E41EF1089F83B6CEAC7A3FD3ABF33">>},
 {<<"getopt">>, <<"4F3320C1F6F26B2BEC0F6C6446B943EB927A1E6428EA279A1C6C534906EE79F1">>},
 {<<"gun">>, <<"B4E4CBBF3026D21981C447E9E7CA856766046EFF693720BA43114D7F5DE36E87">>},
 {<<"kafka_protocol">>, <<"441E233F0EF44DB2C2ADF6674B38BC2F1D2BD95A6D2BB2039614CD05EA5876B0">>},
 {<<"mime">>, <<"DABDE576A497CEF4BBDD60ACEEE8160E02A6C89250D6C0B29E56C0DFB00DB3D2">>},
 {<<"nimble_csv">>, <<"4E26385D260C61EBA9D4412C71CEA34421F296D5353F914AFE3F2E71CCE97722">>},
 {<<"phoenix_html">>, <<"42A09FC443BBC1DA37E372A5C8E6755D046F22B9B11343BF885067357DA21CB3">>},
 {<<"plug">>, <<"5067F26F7745B7E31BC3368BC1A2B818B9779FAA959B49C934C17730EFC911CF">>},
 {<<"plug_crypto">>, <<"BDD187572CC26DBD95B87136290425F2B580A116D3FB1F564216918C9730D227">>},
 {<<"rabbit_common">>, <<"1D64E391E12116B76B1425EB96B7552DE51F0301093EBA669B5334F4759CC1E8">>},
 {<<"recon">>, <<"9052588E83BFEDFD9B72E1034532AEE2A5369D9D9343B61AEB7FBCE761010741">>},
 {<<"telemetry">>, <<"A06428A514BDBC63293CD9A6263AAD00DDEB66F608163BDEC7C8995784080818">>},
 {<<"temple">>, <<"B6DB3541BBC8EFF7AF630CC5949A47248C3EC46284275E06654F45C64E9437BF">>},
 {<<"thoas">>, <<"19A25F31177A17E74004D4840F66D791D4298C5738790FA2CC73731EB911F195">>},
 {<<"typed_struct">>, <<"939789E3C1DCA39D7170C87F729127469D1315DCF99FEE8E152BB774B17E7FF7">>}]},
{pkg_hash_ext,[
 {<<"amqp_client">>, <<"8AE00B055A58500E0557F73D9C0FFE257487131E603F7F84FE72CBFAAF03838A">>},
 {<<"bbmustache">>, <<"688B33A4D5CC2D51F575ADF0B3683FC40A38314A2F150906EDCFC77F5B577B3B">>},
 {<<"brod">>, <<"A47757F985C52681D5AB25D41A52CAFE7C188208F6D2BE2864F0A11EC8A19568">>},
 {<<"circuits_i2c">>, <<"3751A875A9D728080FDBC5FD352F728D4746A82E17E52F4444C406200349F6AC">>},
 {<<"cowlib">>, <<"0AF652D1550C8411C3B58EED7A035A7FB088C0B86AFF6BC504B0BC3B7F791AA2">>},
 {<<"crc32cer">>, <<"147307889AAE52490D7674A639CA59818A02C692E217763CA330F451DF8CA9DE">>},
 {<<"credentials_obfuscation">>, <<"843ADBE3246861CE0F1A0FA3222F384834EB31DEFD8D6B9CBA7AFD2977C957BC">>},
 {<<"earmark">>, <<"A461A0DDFDC5432381C876AF1C86C411FD78A25790C75023C7A4C035FDC858F9">>},
 {<<"elixir_make">>, <<"DB23D4FD8B757462AD02F8AA73431A426FE6671C80B200D9710CAF3D1DD0FFDB">>},
 {<<"erlexec">>, <<"19E4E1C170DE5594DA1C67A8A9A0DEFAE0BC407E138A70B14FEA031FE9E67347">>},
 {<<"erlydtl">>, <<"D80EC044CD8F58809C19D29AC5605BE09E955040911B644505E31E9DD8143431">>},
 {<<"floki">>, <<"A5943EE91E93FB2D635B612CAF5508E36D37548E84928463EF9DD986F0D1ABD9">>},
 {<<"getopt">>, <<"7E01DE90AC540F21494FF72792B1E3162D399966EBBFC674B4CE52CB8F49324F">>},
 {<<"gun">>, <<"52FC7FC246BFC3B00E01AEA1C2854C70A366348574AB50C57DFE796D24A0101D">>},
 {<<"kafka_protocol">>, <<"8004E8918F6ABFE75F6A2E98B607B7AE88620BA6C3FCE3515BD36CA99150770D">>},
 {<<"mime">>, <<"31A1A8613F8321143DDE1DAFC36006A17D28D02BDFECB9E95A880FA7AABD19A7">>},
 {<<"nimble_csv">>, <<"D0628117FCC2148178B034044C55359B26966C6EAA8E2CE15777BE3BBC91B12A">>},
 {<<"phoenix_html">>, <<"0249D3ABEC3714AFF3415E7EE3D9786CB325BE3151E6C4B3021502C585BF53FB">>},
 {<<"plug">>, <<"57A57DB70DF2B422B564437D2D33CF8D33CD16339C1EDB190CD11B1A3A546CC2">>},
 {<<"plug_crypto">>, <<"6B8B608F895B6FFCFAD49C37C7883E8DF98AE19C6A28113B02AA1E9C5B22D6B5">>},
 {<<"rabbit_common">>, <<"FF509B07E639B1784898C28031E5204FEA14260172E4FC339F94405586037E40">>},
 {<<"recon">>, <<"96C6799792D735CC0F0FD0F86267E9D351E63339CBE03DF9D162010CEFC26BB0">>},
 {<<"telemetry">>, <<"EB72B8365FFDA5BED68A620D1DA88525E326CB82A75EE61354FC24B844768041">>},
 {<<"temple">>, <<"0BF9C7EBFDA1BF5AB0621C9DB0E6AAD50B565513F22743529A03ED4B3D4BAAAE">>},
 {<<"thoas">>, <<"E38697EDFFD6E91BD12CEA41B155115282630075C2A727E7A6B2947F5408B86A">>},
 {<<"typed_struct">>, <<"C50BD5C3A61FE4E198A8504F939BE3D3C85903B382BDE4865579BC23111D1B6D">>}]}
].
